
Microsoft Visual Studio Solution File, Format Version 12.00
# Visual Studio Version 17
VisualStudioVersion = 17.0.31903.59
MinimumVisualStudioVersion = 10.0.40219.1
Project("{2150E333-8FDC-42A3-9474-1A3956D46DE8}") = "src", "src", "{24190368-2682-445A-B3DE-DBDCA91CC22D}"
EndProject
Project("{9A19103F-16F7-4668-BE54-9A1E7A4F7556}") = "LingDev.EntityFrameworkCore.Audit", "src\LingDev.EntityFrameworkCore.Audit\LingDev.EntityFrameworkCore.Audit.csproj", "{4C21010B-008C-42E3-9C8F-9D37F20A03DA}"
EndProject
Project("{2150E333-8FDC-42A3-9474-1A3956D46DE8}") = "git", "git", "{24AEB73B-1853-4DA5-BED5-975FEE5F79BE}"
	ProjectSection(SolutionItems) = preProject
		.gitattributes = .gitattributes
		.gitignore = .gitignore
		LICENSE = LICENSE
		README.md = README.md
	EndProjectSection
EndProject
Global
	GlobalSection(SolutionConfigurationPlatforms) = preSolution
		Debug|Any CPU = Debug|Any CPU
		Release|Any CPU = Release|Any CPU
	EndGlobalSection
	GlobalSection(ProjectConfigurationPlatforms) = postSolution
		{4C21010B-008C-42E3-9C8F-9D37F20A03DA}.Debug|Any CPU.ActiveCfg = Debug|Any CPU
		{4C21010B-008C-42E3-9C8F-9D37F20A03DA}.Debug|Any CPU.Build.0 = Debug|Any CPU
		{4C21010B-008C-42E3-9C8F-9D37F20A03DA}.Release|Any CPU.ActiveCfg = Release|Any CPU
		{4C21010B-008C-42E3-9C8F-9D37F20A03DA}.Release|Any CPU.Build.0 = Release|Any CPU
	EndGlobalSection
	GlobalSection(SolutionProperties) = preSolution
		HideSolutionNode = FALSE
	EndGlobalSection
	GlobalSection(NestedProjects) = preSolution
		{4C21010B-008C-42E3-9C8F-9D37F20A03DA} = {24190368-2682-445A-B3DE-DBDCA91CC22D}
	EndGlobalSection
	GlobalSection(ExtensibilityGlobals) = postSolution
		SolutionGuid = {1A856CE4-1FBD-47C1-8117-82B5C4C6CD5E}
	EndGlobalSection
EndGlobal
